
Microsoft Visual Studio Solution File, Format Version 12.00
# Visual Studio Version 17
VisualStudioVersion = 17.13.35818.85
MinimumVisualStudioVersion = 10.0.40219.1
Project("{2150E333-8FDC-42A3-9474-1A3956D46DE8}") = "Unidad01", "Unidad01", "{02EA681E-C7D8-13C7-8484-4AC65E1B71E8}"
EndProject
Project("{2150E333-8FDC-42A3-9474-1A3956D46DE8}") = "Unidad02", "Unidad02", "{EFA750D5-FCCF-4C0D-878E-1B7D5F8B9E38}"
EndProject
Project("{2150E333-8FDC-42A3-9474-1A3956D46DE8}") = "Unidad03", "Unidad03", "{2DCE1A4F-F078-4F48-843D-E3AED8FBCBF4}"
EndProject
Project("{2150E333-8FDC-42A3-9474-1A3956D46DE8}") = "Unidad04", "Unidad04", "{12BDF0ED-7C2D-433C-BBDC-EC614304FB72}"
EndProject
Project("{2150E333-8FDC-42A3-9474-1A3956D46DE8}") = "Unidad05", "Unidad05", "{197C1B8F-9A6F-4B80-B0C9-AF26E3E8A50D}"
EndProject
Project("{2150E333-8FDC-42A3-9474-1A3956D46DE8}") = "TP01", "TP01", "{C14CED35-1841-4D3F-AEA2-051E69F6295C}"
EndProject
Project("{FAE04EC0-301F-11D3-BF4B-00C04F79EFBC}") = "Ejercicio01", "Ejercicio01\Ejercicio01.csproj", "{A7D85615-AC7A-4ACC-A1B2-AFE8ECC6C7F5}"
EndProject
Project("{FAE04EC0-301F-11D3-BF4B-00C04F79EFBC}") = "Ejercicio02", "Ejercicio02\Ejercicio02.csproj", "{10C21E73-AEFC-4F30-BDBA-90800FE062B4}"
EndProject
Project("{2150E333-8FDC-42A3-9474-1A3956D46DE8}") = "TP02", "TP02", "{A1DBEE55-EB54-493D-A647-B7831B8A0B6A}"
EndProject
Project("{FAE04EC0-301F-11D3-BF4B-00C04F79EFBC}") = "EjercicioCrud", "EjercicioCrud\EjercicioCrud.csproj", "{F00517E9-E958-400F-8FBE-C9E3DE701789}"
EndProject
Project("{2150E333-8FDC-42A3-9474-1A3956D46DE8}") = "TP04", "TP04", "{9D6A82A5-160A-44E7-93FE-D3E759AEFC49}"
EndProject
Project("{FAE04EC0-301F-11D3-BF4B-00C04F79EFBC}") = "BlogPosts_SQL", "BlogPosts_SQL\BlogPosts_SQL.csproj", "{304C866D-5385-44CB-B14C-D5ABECC80C56}"
EndProject
Global
	GlobalSection(SolutionConfigurationPlatforms) = preSolution
		Debug|Any CPU = Debug|Any CPU
		Release|Any CPU = Release|Any CPU
	EndGlobalSection
	GlobalSection(ProjectConfigurationPlatforms) = postSolution
		{A7D85615-AC7A-4ACC-A1B2-AFE8ECC6C7F5}.Debug|Any CPU.ActiveCfg = Debug|Any CPU
		{A7D85615-AC7A-4ACC-A1B2-AFE8ECC6C7F5}.Debug|Any CPU.Build.0 = Debug|Any CPU
		{A7D85615-AC7A-4ACC-A1B2-AFE8ECC6C7F5}.Release|Any CPU.ActiveCfg = Release|Any CPU
		{A7D85615-AC7A-4ACC-A1B2-AFE8ECC6C7F5}.Release|Any CPU.Build.0 = Release|Any CPU
		{10C21E73-AEFC-4F30-BDBA-90800FE062B4}.Debug|Any CPU.ActiveCfg = Debug|Any CPU
		{10C21E73-AEFC-4F30-BDBA-90800FE062B4}.Debug|Any CPU.Build.0 = Debug|Any CPU
		{10C21E73-AEFC-4F30-BDBA-90800FE062B4}.Release|Any CPU.ActiveCfg = Release|Any CPU
		{10C21E73-AEFC-4F30-BDBA-90800FE062B4}.Release|Any CPU.Build.0 = Release|Any CPU
		{F00517E9-E958-400F-8FBE-C9E3DE701789}.Debug|Any CPU.ActiveCfg = Debug|Any CPU
		{F00517E9-E958-400F-8FBE-C9E3DE701789}.Debug|Any CPU.Build.0 = Debug|Any CPU
		{F00517E9-E958-400F-8FBE-C9E3DE701789}.Release|Any CPU.ActiveCfg = Release|Any CPU
		{F00517E9-E958-400F-8FBE-C9E3DE701789}.Release|Any CPU.Build.0 = Release|Any CPU
		{304C866D-5385-44CB-B14C-D5ABECC80C56}.Debug|Any CPU.ActiveCfg = Debug|Any CPU
		{304C866D-5385-44CB-B14C-D5ABECC80C56}.Debug|Any CPU.Build.0 = Debug|Any CPU
		{304C866D-5385-44CB-B14C-D5ABECC80C56}.Release|Any CPU.ActiveCfg = Release|Any CPU
		{304C866D-5385-44CB-B14C-D5ABECC80C56}.Release|Any CPU.Build.0 = Release|Any CPU
	EndGlobalSection
	GlobalSection(SolutionProperties) = preSolution
		HideSolutionNode = FALSE
	EndGlobalSection
	GlobalSection(NestedProjects) = preSolution
		{C14CED35-1841-4D3F-AEA2-051E69F6295C} = {02EA681E-C7D8-13C7-8484-4AC65E1B71E8}
		{A7D85615-AC7A-4ACC-A1B2-AFE8ECC6C7F5} = {C14CED35-1841-4D3F-AEA2-051E69F6295C}
		{10C21E73-AEFC-4F30-BDBA-90800FE062B4} = {C14CED35-1841-4D3F-AEA2-051E69F6295C}
		{A1DBEE55-EB54-493D-A647-B7831B8A0B6A} = {02EA681E-C7D8-13C7-8484-4AC65E1B71E8}
		{F00517E9-E958-400F-8FBE-C9E3DE701789} = {A1DBEE55-EB54-493D-A647-B7831B8A0B6A}
		{9D6A82A5-160A-44E7-93FE-D3E759AEFC49} = {02EA681E-C7D8-13C7-8484-4AC65E1B71E8}
		{304C866D-5385-44CB-B14C-D5ABECC80C56} = {9D6A82A5-160A-44E7-93FE-D3E759AEFC49}
	EndGlobalSection
	GlobalSection(ExtensibilityGlobals) = postSolution
		SolutionGuid = {67553511-3AE0-4252-ACB1-191CDE27665A}
	EndGlobalSection
EndGlobal
